
Microsoft Visual Studio Solution File, Format Version 12.00
# Visual Studio Version 17
VisualStudioVersion = 17.11.35327.3
MinimumVisualStudioVersion = 10.0.40219.1
Project("{9A19103F-16F7-4668-BE54-9A1E7A4F7556}") = "IPTVManager.Domain", "IPTVManager.Domai\IPTVManager.Domain.csproj", "{9BD0A693-0886-471E-8D7D-F9618E2C9A0E}"
EndProject
Project("{9A19103F-16F7-4668-BE54-9A1E7A4F7556}") = "IPTVManager.Data", "IPTVManager.Data\IPTVManager.Data.csproj", "{1C26B64A-1927-46AB-A424-47F83071C2BF}"
EndProject
Project("{9A19103F-16F7-4668-BE54-9A1E7A4F7556}") = "IPTVManager.Services", "IPTVManager.Services\IPTVManager.Services.csproj", "{3DF94F14-C0C6-4BB4-A1F9-43E5E64618A2}"
EndProject
Project("{FAE04EC0-301F-11D3-BF4B-00C04F79EFBC}") = "IPTVManager.API", "IPTVManager.API\IPTVManager.API.csproj", "{F7FD70AB-12EF-4D63-B341-A9633C8443DF}"
EndProject
Project("{FAE04EC0-301F-11D3-BF4B-00C04F79EFBC}") = "IPTVManager.Web", "IPTVManager.Web\IPTVManager.Web.csproj", "{C1097822-CE65-4124-9903-9EAFABB45481}"
EndProject
Project("{FAE04EC0-301F-11D3-BF4B-00C04F79EFBC}") = "IPTVManager.Shared", "IPTVManager.Shared\IPTVManager.Shared.csproj", "{A1017916-A244-4FEC-8110-19954847B3E8}"
EndProject
Project("{2150E333-8FDC-42A3-9474-1A3956D46DE8}") = "Elementos de la solución", "Elementos de la solución", "{D107F4C8-89CC-BEA8-D3D7-CA6B7733353D}"
	ProjectSection(SolutionItems) = preProject
		.gitignore = .gitignore
	EndProjectSection
EndProject
Global
	GlobalSection(SolutionConfigurationPlatforms) = preSolution
		Debug|Any CPU = Debug|Any CPU
		Release|Any CPU = Release|Any CPU
	EndGlobalSection
	GlobalSection(ProjectConfigurationPlatforms) = postSolution
		{9BD0A693-0886-471E-8D7D-F9618E2C9A0E}.Debug|Any CPU.ActiveCfg = Debug|Any CPU
		{9BD0A693-0886-471E-8D7D-F9618E2C9A0E}.Debug|Any CPU.Build.0 = Debug|Any CPU
		{9BD0A693-0886-471E-8D7D-F9618E2C9A0E}.Release|Any CPU.ActiveCfg = Release|Any CPU
		{9BD0A693-0886-471E-8D7D-F9618E2C9A0E}.Release|Any CPU.Build.0 = Release|Any CPU
		{1C26B64A-1927-46AB-A424-47F83071C2BF}.Debug|Any CPU.ActiveCfg = Debug|Any CPU
		{1C26B64A-1927-46AB-A424-47F83071C2BF}.Debug|Any CPU.Build.0 = Debug|Any CPU
		{1C26B64A-1927-46AB-A424-47F83071C2BF}.Release|Any CPU.ActiveCfg = Release|Any CPU
		{1C26B64A-1927-46AB-A424-47F83071C2BF}.Release|Any CPU.Build.0 = Release|Any CPU
		{3DF94F14-C0C6-4BB4-A1F9-43E5E64618A2}.Debug|Any CPU.ActiveCfg = Debug|Any CPU
		{3DF94F14-C0C6-4BB4-A1F9-43E5E64618A2}.Debug|Any CPU.Build.0 = Debug|Any CPU
		{3DF94F14-C0C6-4BB4-A1F9-43E5E64618A2}.Release|Any CPU.ActiveCfg = Release|Any CPU
		{3DF94F14-C0C6-4BB4-A1F9-43E5E64618A2}.Release|Any CPU.Build.0 = Release|Any CPU
		{F7FD70AB-12EF-4D63-B341-A9633C8443DF}.Debug|Any CPU.ActiveCfg = Debug|Any CPU
		{F7FD70AB-12EF-4D63-B341-A9633C8443DF}.Debug|Any CPU.Build.0 = Debug|Any CPU
		{F7FD70AB-12EF-4D63-B341-A9633C8443DF}.Release|Any CPU.ActiveCfg = Release|Any CPU
		{F7FD70AB-12EF-4D63-B341-A9633C8443DF}.Release|Any CPU.Build.0 = Release|Any CPU
		{C1097822-CE65-4124-9903-9EAFABB45481}.Debug|Any CPU.ActiveCfg = Debug|Any CPU
		{C1097822-CE65-4124-9903-9EAFABB45481}.Debug|Any CPU.Build.0 = Debug|Any CPU
		{C1097822-CE65-4124-9903-9EAFABB45481}.Release|Any CPU.ActiveCfg = Release|Any CPU
		{C1097822-CE65-4124-9903-9EAFABB45481}.Release|Any CPU.Build.0 = Release|Any CPU
		{A1017916-A244-4FEC-8110-19954847B3E8}.Debug|Any CPU.ActiveCfg = Debug|Any CPU
		{A1017916-A244-4FEC-8110-19954847B3E8}.Debug|Any CPU.Build.0 = Debug|Any CPU
		{A1017916-A244-4FEC-8110-19954847B3E8}.Release|Any CPU.ActiveCfg = Release|Any CPU
		{A1017916-A244-4FEC-8110-19954847B3E8}.Release|Any CPU.Build.0 = Release|Any CPU
	EndGlobalSection
	GlobalSection(SolutionProperties) = preSolution
		HideSolutionNode = FALSE
	EndGlobalSection
	GlobalSection(ExtensibilityGlobals) = postSolution
		SolutionGuid = {13A69C17-0135-437A-9E15-88F6AF265988}
	EndGlobalSection
EndGlobal
